github.com/acoshift/header v0.0.0-20181002150212-5f10ae681f7e h1:6CANpHYSWBwbiwg9V+qJMFHEEm9BdBgch1m1d7hn+mY=
github.com/acoshift/header v0.0.0-20181002150212-5f10ae681f7e/go.mod h1:k6mpsFqSM1dkZM1yjLUO9zrPRc8fvJr4ZmMSKXhh7Pg=
github.com/acoshift/middleware v0.4.1 h1:Fjz10OMNt7OxHA/YGT85iHELc3lxQzl7L57vrb6Q8Bw=
github.com/acoshift/middleware v0.4.1/go.mod h1:Q2Jna8z8qw97nuR0iemEWK7G7S3SaNufh/YMIyb3QeQ=
github.com/acoshift/middleware v0.4.2 h1:iwfTKWkdgb5u7FKE7lWl29pPuajGu492ssdUk160Ybw=
github.com/acoshift/middleware v0.4.2/go.mod h1:Q2Jna8z8qw97nuR0iemEWK7G7S3SaNufh/YMIyb3QeQ=
github.com/google/brotli v1.0.5 h1:0IjJC+hrZI6rIHQC5FngT7evLtLXKak0cNE/+knKOcI=
github.com/google/brotli v1.0.5/go.mod h1:XpGqLY1HgMKTQI5TU8iAKE/okaKqS9h1e6KRlRztlOU=
